{
    "version": 3,
    "terraform_version": "0.9.3",
    "serial": 4,
    "lineage": "f22802b6-567a-4ba2-ad97-366dd19fdb33",
    "modules": [
        {
            "path": [
                "root"
            ],
            "outputs": {},
            "resources": {
                "aws_alb.front_end": {
                    "type": "aws_alb",
                    "depends_on": [],
                    "primary": {
                        "id": "arn:aws:elasticloadbalancing:ap-southeast-1:645872871318:loadbalancer/app/app-alb/d2b1a3e8f437ff4c",
                        "attributes": {
                            "access_logs.#": "0",
                            "arn": "arn:aws:elasticloadbalancing:ap-southeast-1:645872871318:loadbalancer/app/app-alb/d2b1a3e8f437ff4c",
                            "arn_suffix": "app/app-alb/d2b1a3e8f437ff4c",
                            "dns_name": "app-alb-539794197.ap-southeast-1.elb.amazonaws.com",
                            "enable_deletion_protection": "true",
                            "id": "arn:aws:elasticloadbalancing:ap-southeast-1:645872871318:loadbalancer/app/app-alb/d2b1a3e8f437ff4c",
                            "idle_timeout": "60",
                            "internal": "false",
                            "ip_address_type": "ipv4",
                            "name": "app-alb",
                            "security_groups.#": "1",
                            "security_groups.266468573": "sg-c2214fa7",
                            "subnets.#": "2",
                            "subnets.2386411764": "subnet-633a0a07",
                            "subnets.2954525777": "subnet-6f604519",
                            "tags.%": "1",
                            "tags.Environment": "production",
                            "vpc_id": "vpc-9dbf1ff8",
                            "zone_id": "Z1LMS91P8CMLE5"
                        },
                        "meta": {},
                        "tainted": false
                    },
                    "deposed": [],
                    "provider": ""
                }
            },
            "depends_on": []
        },
        {
            "path": [
                "root",
                "app_nsg"
            ],
            "outputs": {},
            "resources": {},
            "depends_on": []
        },
        {
            "path": [
                "root",
                "lb_nsg"
            ],
            "outputs": {},
            "resources": {},
            "depends_on": []
        }
    ]
}
