{
    "version": 3,
    "terraform_version": "0.9.3",
    "serial": 2,
    "lineage": "4c1a330b-061e-4e9a-8d39-266ae6c41f6e",
    "modules": [
        {
            "path": [
                "root"
            ],
            "outputs": {},
            "resources": {
                "aws_elb.devops-test-webapp-lb": {
                    "type": "aws_elb",
                    "depends_on": [],
                    "primary": {
                        "id": "devops-test-webapp-lb",
                        "attributes": {
                            "access_logs.#": "0",
                            "availability_zones.#": "3",
                            "availability_zones.1436938394": "ap-southeast-2c",
                            "availability_zones.3148583350": "ap-southeast-2a",
                            "availability_zones.581091340": "ap-southeast-2b",
                            "connection_draining": "true",
                            "connection_draining_timeout": "400",
                            "cross_zone_load_balancing": "true",
                            "dns_name": "devops-test-webapp-lb-819970943.ap-southeast-2.elb.amazonaws.com",
                            "health_check.#": "1",
                            "health_check.0.healthy_threshold": "2",
                            "health_check.0.interval": "30",
                            "health_check.0.target": "HTTP:8000/",
                            "health_check.0.timeout": "3",
                            "health_check.0.unhealthy_threshold": "2",
                            "id": "devops-test-webapp-lb",
                            "idle_timeout": "400",
                            "instances.#": "0",
                            "internal": "false",
                            "listener.#": "1",
                            "listener.206423021.instance_port": "8000",
                            "listener.206423021.instance_protocol": "http",
                            "listener.206423021.lb_port": "80",
                            "listener.206423021.lb_protocol": "http",
                            "listener.206423021.ssl_certificate_id": "",
                            "name": "devops-test-webapp-lb",
                            "security_groups.#": "1",
                            "security_groups.2796790654": "sg-1d8af07a",
                            "source_security_group": "645872871318/default_elb_881aea9e-6fbe-3802-98d6-40132251b1ab",
                            "source_security_group_id": "sg-1d8af07a",
                            "subnets.#": "3",
                            "subnets.1420555865": "subnet-6fce1818",
                            "subnets.14633148": "subnet-29431c6f",
                            "subnets.2909675289": "subnet-ff3b929a",
                            "tags.%": "1",
                            "tags.Name": "devops-test-webapp-lb",
                            "zone_id": "Z1GM3OXH4ZPM65"
                        },
                        "meta": {},
                        "tainted": false
                    },
                    "deposed": [],
                    "provider": ""
                },
                "aws_subnet.private.0": {
                    "type": "aws_subnet",
                    "depends_on": [
                        "aws_vpc.main"
                    ],
                    "primary": {
                        "id": "subnet-c77524a3",
                        "attributes": {
                            "assign_ipv6_address_on_creation": "false",
                            "availability_zone": "ap-southeast-2a",
                            "cidr_block": "10.0.11.0/24",
                            "id": "subnet-c77524a3",
                            "map_public_ip_on_launch": "false",
                            "tags.%": "2",
                            "tags.az": "ap-southeast-2a",
                            "tags.subnet": "private",
                            "vpc_id": "vpc-89f86ded"
                        },
                        "meta": {},
                        "tainted": false
                    },
                    "deposed": [],
                    "provider": ""
                },
                "aws_subnet.private.1": {
                    "type": "aws_subnet",
                    "depends_on": [
                        "aws_vpc.main"
                    ],
                    "primary": {
                        "id": "subnet-c23d78b4",
                        "attributes": {
                            "assign_ipv6_address_on_creation": "false",
                            "availability_zone": "ap-southeast-2b",
                            "cidr_block": "10.0.12.0/24",
                            "id": "subnet-c23d78b4",
                            "map_public_ip_on_launch": "false",
                            "tags.%": "2",
                            "tags.az": "ap-southeast-2b",
                            "tags.subnet": "private",
                            "vpc_id": "vpc-89f86ded"
                        },
                        "meta": {},
                        "tainted": false
                    },
                    "deposed": [],
                    "provider": ""
                },
                "aws_subnet.private.2": {
                    "type": "aws_subnet",
                    "depends_on": [
                        "aws_vpc.main"
                    ],
                    "primary": {
                        "id": "subnet-1511994c",
                        "attributes": {
                            "assign_ipv6_address_on_creation": "false",
                            "availability_zone": "ap-southeast-2c",
                            "cidr_block": "10.0.13.0/24",
                            "id": "subnet-1511994c",
                            "map_public_ip_on_launch": "false",
                            "tags.%": "2",
                            "tags.az": "ap-southeast-2c",
                            "tags.subnet": "private",
                            "vpc_id": "vpc-89f86ded"
                        },
                        "meta": {},
                        "tainted": false
                    },
                    "deposed": [],
                    "provider": ""
                },
                "aws_subnet.public.0": {
                    "type": "aws_subnet",
                    "depends_on": [
                        "aws_vpc.main"
                    ],
                    "primary": {
                        "id": "subnet-3970215d",
                        "attributes": {
                            "assign_ipv6_address_on_creation": "false",
                            "availability_zone": "ap-southeast-2a",
                            "cidr_block": "10.0.1.0/24",
                            "id": "subnet-3970215d",
                            "map_public_ip_on_launch": "false",
                            "tags.%": "2",
                            "tags.az": "ap-southeast-2a",
                            "tags.subnet": "public",
                            "vpc_id": "vpc-89f86ded"
                        },
                        "meta": {},
                        "tainted": false
                    },
                    "deposed": [],
                    "provider": ""
                },
                "aws_subnet.public.1": {
                    "type": "aws_subnet",
                    "depends_on": [
                        "aws_vpc.main"
                    ],
                    "primary": {
                        "id": "subnet-bc3f7aca",
                        "attributes": {
                            "assign_ipv6_address_on_creation": "false",
                            "availability_zone": "ap-southeast-2b",
                            "cidr_block": "10.0.2.0/24",
                            "id": "subnet-bc3f7aca",
                            "map_public_ip_on_launch": "false",
                            "tags.%": "2",
                            "tags.az": "ap-southeast-2b",
                            "tags.subnet": "public",
                            "vpc_id": "vpc-89f86ded"
                        },
                        "meta": {},
                        "tainted": false
                    },
                    "deposed": [],
                    "provider": ""
                },
                "aws_subnet.public.2": {
                    "type": "aws_subnet",
                    "depends_on": [
                        "aws_vpc.main"
                    ],
                    "primary": {
                        "id": "subnet-121e964b",
                        "attributes": {
                            "assign_ipv6_address_on_creation": "false",
                            "availability_zone": "ap-southeast-2c",
                            "cidr_block": "10.0.3.0/24",
                            "id": "subnet-121e964b",
                            "map_public_ip_on_launch": "false",
                            "tags.%": "2",
                            "tags.az": "ap-southeast-2c",
                            "tags.subnet": "public",
                            "vpc_id": "vpc-89f86ded"
                        },
                        "meta": {},
                        "tainted": false
                    },
                    "deposed": [],
                    "provider": ""
                },
                "aws_vpc.main": {
                    "type": "aws_vpc",
                    "depends_on": [],
                    "primary": {
                        "id": "vpc-89f86ded",
                        "attributes": {
                            "assign_generated_ipv6_cidr_block": "false",
                            "cidr_block": "10.0.0.0/16",
                            "default_network_acl_id": "acl-a64008c2",
                            "default_route_table_id": "rtb-5ce6ba38",
                            "default_security_group_id": "sg-7f8af018",
                            "dhcp_options_id": "dopt-531cf836",
                            "enable_classiclink": "false",
                            "enable_dns_hostnames": "false",
                            "enable_dns_support": "true",
                            "id": "vpc-89f86ded",
                            "instance_tenancy": "dedicated",
                            "main_route_table_id": "rtb-5ce6ba38",
                            "tags.%": "1",
                            "tags.Name": "prod_vpc"
                        },
                        "meta": {
                            "schema_version": "1"
                        },
                        "tainted": false
                    },
                    "deposed": [],
                    "provider": ""
                }
            },
            "depends_on": []
        }
    ]
}
